// !$*UTF8*$!
{
	archiveVersion = 1;
	classes = {
	};
	objectVersion = 77;
	objects = {

/* Begin PBXBuildFile section */
		20CD53802EF666550081F6A7 /* Kingfisher in Frameworks */ = {isa = PBXBuildFile; productRef = 20CD537F2EF666550081F6A7 /* Kingfisher */; };
		20CD53822EF666600081F6A7 /* Alamofire in Frameworks */ = {isa = PBXBuildFile; productRef = 20CD53812EF666600081F6A7 /* Alamofire */; };
/* End PBXBuildFile section */

/* Begin PBXContainerItemProxy section */
		2077DF922EF578A700E79668 /* PBXContainerItemProxy */ = {
			isa = PBXContainerItemProxy;
			containerPortal = 2077DF7C2EF578A500E79668 /* Project object */;
			proxyType = 1;
			remoteGlobalIDString = 2077DF832EF578A500E79668;
			remoteInfo = MyFoodCafe;
		};
		2077DF9C2EF578A700E79668 /* PBXContainerItemProxy */ = {
			isa = PBXContainerItemProxy;
			containerPortal = 2077DF7C2EF578A500E79668 /* Project object */;
			proxyType = 1;
			remoteGlobalIDString = 2077DF832EF578A500E79668;
			remoteInfo = MyFoodCafe;
		};
/* End PBXContainerItemProxy section */

/* Begin PBXCopyFilesBuildPhase section */
		20CD53862EF666600081F6A7 /* Embed Frameworks */ = {
			isa = PBXCopyFilesBuildPhase;
			buildActionMask = 2147483647;
			dstPath = "";
			dstSubfolderSpec = 10;
			files = (
			);
			name = "Embed Frameworks";
			runOnlyForDeploymentPostprocessing = 0;
		};
/* End PBXCopyFilesBuildPhase section */

/* Begin PBXFileReference section */
		2077DF842EF578A500E79668 /* MyFoodCafe.app */ = {isa = PBXFileReference; explicitFileType = wrapper.application; includeInIndex = 0; path = MyFoodCafe.app; sourceTree = BUILT_PRODUCTS_DIR; };
		2077DF912EF578A700E79668 /* MyFoodCafeTests.xctest */ = {isa = PBXFileReference; explicitFileType = wrapper.cfbundle; includeInIndex = 0; path = MyFoodCafeTests.xctest; sourceTree = BUILT_PRODUCTS_DIR; };
		2077DF9B2EF578A700E79668 /* MyFoodCafeUITests.xctest */ = {isa = PBXFileReference; explicitFileType = wrapper.cfbundle; includeInIndex = 0; path = MyFoodCafeUITests.xctest; sourceTree = BUILT_PRODUCTS_DIR; };
/* End PBXFileReference section */

/* Begin PBXFileSystemSynchronizedRootGroup section */
		2077DF862EF578A500E79668 /* MyFoodCafe */ = {
			isa = PBXFileSystemSynchronizedRootGroup;
			path = MyFoodCafe;
			sourceTree = "<group>";
		};
		2077DF942EF578A700E79668 /* MyFoodCafeTests */ = {
			isa = PBXFileSystemSynchronizedRootGroup;
			path = MyFoodCafeTests;
			sourceTree = "<group>";
		};
		2077DF9E2EF578A700E79668 /* MyFoodCafeUITests */ = {
			isa = PBXFileSystemSynchronizedRootGroup;
			path = MyFoodCafeUITests;
			sourceTree = "<group>";
		};
/* End PBXFileSystemSynchronizedRootGroup section */

/* Begin PBXFrameworksBuildPhase section */
		2077DF812EF578A500E79668 /* Frameworks */ = {
			isa = PBXFrameworksBuildPhase;
			buildActionMask = 2147483647;
			files = (
				20CD53802EF666550081F6A7 /* Kingfisher in Frameworks */,
				20CD53822EF666600081F6A7 /* Alamofire in Frameworks */,
			);
			runOnlyForDeploymentPostprocessing = 0;
		};
		2077DF8E2EF578A700E79668 /* Frameworks */ = {
			isa = PBXFrameworksBuildPhase;
			buildActionMask = 2147483647;
			files = (
			);
			runOnlyForDeploymentPostprocessing = 0;
		};
		2077DF982EF578A700E79668 /* Frameworks */ = {
			isa = PBXFrameworksBuildPhase;
			buildActionMask = 2147483647;
			files = (
			);
			runOnlyForDeploymentPostprocessing = 0;
		};
/* End PBXFrameworksBuildPhase section */

/* Begin PBXGroup section */
		2077DF7B2EF578A500E79668 = {
			isa = PBXGroup;
			children = (
				2077DF862EF578A500E79668 /* MyFoodCafe */,
				2077DF942EF578A700E79668 /* MyFoodCafeTests */,
				2077DF9E2EF578A700E79668 /* MyFoodCafeUITests */,
				20CD537E2EF666550081F6A7 /* Frameworks */,
				2077DF852EF578A500E79668 /* Products */,
			);
			sourceTree = "<group>";
		};
		2077DF852EF578A500E79668 /* Products */ = {
			isa = PBXGroup;
			children = (
				2077DF842EF578A500E79668 /* MyFoodCafe.app */,
				2077DF912EF578A700E79668 /* MyFoodCafeTests.xctest */,
				2077DF9B2EF578A700E79668 /* MyFoodCafeUITests.xctest */,
			);
			name = Products;
			sourceTree = "<group>";
		};
		20CD537E2EF666550081F6A7 /* Frameworks */ = {
			isa = PBXGroup;
			children = (
			);
			name = Frameworks;
			sourceTree = "<group>";
		};
/* End PBXGroup section */

/* Begin PBXNativeTarget section */
		2077DF832EF578A500E79668 /* MyFoodCafe */ = {
			isa = PBXNativeTarget;
			buildConfigurationList = 2077DFA52EF578A700E79668 /* Build configuration list for PBXNativeTarget "MyFoodCafe" */;
			buildPhases = (
				2077DF802EF578A500E79668 /* Sources */,
				2077DF812EF578A500E79668 /* Frameworks */,
				2077DF822EF578A500E79668 /* Resources */,
				20CD53862EF666600081F6A7 /* Embed Frameworks */,
			);
			buildRules = (
			);
			dependencies = (
			);
			fileSystemSynchronizedGroups = (
				2077DF862EF578A500E79668 /* MyFoodCafe */,
			);
			name = MyFoodCafe;
			packageProductDependencies = (
				20CD537F2EF666550081F6A7 /* Kingfisher */,
				20CD53812EF666600081F6A7 /* Alamofire */,
			);
			productName = MyFoodCafe;
			productReference = 2077DF842EF578A500E79668 /* MyFoodCafe.app */;
			productType = "com.apple.product-type.application";
		};
		2077DF902EF578A700E79668 /* MyFoodCafeTests */ = {
			isa = PBXNativeTarget;
			buildConfigurationList = 2077DFA82EF578A700E79668 /* Build configuration list for PBXNativeTarget "MyFoodCafeTests" */;
			buildPhases = (
				2077DF8D2EF578A700E79668 /* Sources */,
				2077DF8E2EF578A700E79668 /* Frameworks */,
				2077DF8F2EF578A700E79668 /* Resources */,
			);
			buildRules = (
			);
			dependencies = (
				2077DF932EF578A700E79668 /* PBXTargetDependency */,
			);
			fileSystemSynchronizedGroups = (
				2077DF942EF578A700E79668 /* MyFoodCafeTests */,
			);
			name = MyFoodCafeTests;
			packageProductDependencies = (
			);
			productName = MyFoodCafeTests;
			productReference = 2077DF912EF578A700E79668 /* MyFoodCafeTests.xctest */;
			productType = "com.apple.product-type.bundle.unit-test";
		};
		2077DF9A2EF578A700E79668 /* MyFoodCafeUITests */ = {
			isa = PBXNativeTarget;
			buildConfigurationList = 2077DFAB2EF578A700E79668 /* Build configuration list for PBXNativeTarget "MyFoodCafeUITests" */;
			buildPhases = (
				2077DF972EF578A700E79668 /* Sources */,
				2077DF982EF578A700E79668 /* Frameworks */,
				2077DF992EF578A700E79668 /* Resources */,
			);
			buildRules = (
			);
			dependencies = (
				2077DF9D2EF578A700E79668 /* PBXTargetDependency */,
			);
			fileSystemSynchronizedGroups = (
				2077DF9E2EF578A700E79668 /* MyFoodCafeUITests */,
			);
			name = MyFoodCafeUITests;
			packageProductDependencies = (
			);
			productName = MyFoodCafeUITests;
			productReference = 2077DF9B2EF578A700E79668 /* MyFoodCafeUITests.xctest */;
			productType = "com.apple.product-type.bundle.ui-testing";
		};
/* End PBXNativeTarget section */

/* Begin PBXProject section */
		2077DF7C2EF578A500E79668 /* Project object */ = {
			isa = PBXProject;
			attributes = {
				BuildIndependentTargetsInParallel = 1;
				LastSwiftUpdateCheck = 1640;
				LastUpgradeCheck = 1640;
				TargetAttributes = {
					2077DF832EF578A500E79668 = {
						CreatedOnToolsVersion = 16.4;
					};
					2077DF902EF578A700E79668 = {
						CreatedOnToolsVersion = 16.4;
						TestTargetID = 2077DF832EF578A500E79668;
					};
					2077DF9A2EF578A700E79668 = {
						CreatedOnToolsVersion = 16.4;
						TestTargetID = 2077DF832EF578A500E79668;
					};
				};
			};
			buildConfigurationList = 2077DF7F2EF578A500E79668 /* Build configuration list for PBXProject "MyFoodCafe" */;
			developmentRegion = en;
			hasScannedForEncodings = 0;
			knownRegions = (
				en,
				Base,
			);
			mainGroup = 2077DF7B2EF578A500E79668;
			minimizedProjectReferenceProxies = 1;
			packageReferences = (
				2077DFE82EF5810500E79668 /* XCRemoteSwiftPackageReference "Kingfisher" */,
				2077DFE92EF5819800E79668 /* XCRemoteSwiftPackageReference "Alamofire" */,
			);
			preferredProjectObjectVersion = 77;
			productRefGroup = 2077DF852EF578A500E79668 /* Products */;
			projectDirPath = "";
			projectRoot = "";
			targets = (
				2077DF832EF578A500E79668 /* MyFoodCafe */,
				2077DF902EF578A700E79668 /* MyFoodCafeTests */,
				2077DF9A2EF578A700E79668 /* MyFoodCafeUITests */,
			);
		};
/* End PBXProject section */

/* Begin PBXResourcesBuildPhase section */
		2077DF822EF578A500E79668 /* Resources */ = {
			isa = PBXResourcesBuildPhase;
			buildActionMask = 2147483647;
			files = (
			);
			runOnlyForDeploymentPostprocessing = 0;
		};
		2077DF8F2EF578A700E79668 /* Resources */ = {
			isa = PBXResourcesBuildPhase;
			buildActionMask = 2147483647;
			files = (
			);
			runOnlyForDeploymentPostprocessing = 0;
		};
		2077DF992EF578A700E79668 /* Resources */ = {
			isa = PBXResourcesBuildPhase;
			buildActionMask = 2147483647;
			files = (
			);
			runOnlyForDeploymentPostprocessing = 0;
		};
/* End PBXResourcesBuildPhase section */

/* Begin PBXSourcesBuildPhase section */
		2077DF802EF578A500E79668 /* Sources */ = {
			isa = PBXSourcesBuildPhase;
			buildActionMask = 2147483647;
			files = (
			);
			runOnlyForDeploymentPostprocessing = 0;
		};
		2077DF8D2EF578A700E79668 /* Sources */ = {
			isa = PBXSourcesBuildPhase;
			buildActionMask = 2147483647;
			files = (
			);
			runOnlyForDeploymentPostprocessing = 0;
		};
		2077DF972EF578A700E79668 /* Sources */ = {
			isa = PBXSourcesBuildPhase;
			buildActionMask = 2147483647;
			files = (
			);
			runOnlyForDeploymentPostprocessing = 0;
		};
/* End PBXSourcesBuildPhase section */

/* Begin PBXTargetDependency section */
		2077DF932EF578A700E79668 /* PBXTargetDependency */ = {
			isa = PBXTargetDependency;
			target = 2077DF832EF578A500E79668 /* MyFoodCafe */;
			targetProxy = 2077DF922EF578A700E79668 /* PBXContainerItemProxy */;
		};
		2077DF9D2EF578A700E79668 /* PBXTargetDependency */ = {
			isa = PBXTargetDependency;
			target = 2077DF832EF578A500E79668 /* MyFoodCafe */;
			targetProxy = 2077DF9C2EF578A700E79668 /* PBXContainerItemProxy */;
		};
/* End PBXTargetDependency section */

/* Begin XCBuildConfiguration section */
		2077DFA32EF578A700E79668 /* Debug */ = {
			isa = XCBuildConfiguration;
			buildSettings = {
				ALWAYS_SEARCH_USER_PATHS = NO;
				ASSETCATALOG_COMPILER_GENERATE_SWIFT_ASSET_SYMBOL_EXTENSIONS = YES;
				CLANG_ANALYZER_NONNULL = YES;
				CLANG_ANALYZER_NUMBER_OBJECT_CONVERSION = YES_AGGRESSIVE;
				CLANG_CXX_LANGUAGE_STANDARD = "gnu++20";
				CLANG_ENABLE_MODULES = YES;
				CLANG_ENABLE_OBJC_ARC = YES;
				CLANG_ENABLE_OBJC_WEAK = YES;
				CLANG_WARN_BLOCK_CAPTURE_AUTORELEASING = YES;
				CLANG_WARN_BOOL_CONVERSION = YES;
				CLANG_WARN_COMMA = YES;
				CLANG_WARN_CONSTANT_CONVERSION = YES;
				CLANG_WARN_DEPRECATED_OBJC_IMPLEMENTATIONS = YES;
				CLANG_WARN_DIRECT_OBJC_ISA_USAGE = YES_ERROR;
				CLANG_WARN_DOCUMENTATION_COMMENTS = YES;
				CLANG_WARN_EMPTY_BODY = YES;
				CLANG_WARN_ENUM_CONVERSION = YES;
				CLANG_WARN_INFINITE_RECURSION = YES;
				CLANG_WARN_INT_CONVERSION = YES;
				CLANG_WARN_NON_LITERAL_NULL_CONVERSION = YES;
				CLANG_WARN_OBJC_IMPLICIT_RETAIN_SELF = YES;
				CLANG_WARN_OBJC_LITERAL_CONVERSION = YES;
				CLANG_WARN_OBJC_ROOT_CLASS = YES_ERROR;
				CLANG_WARN_QUOTED_INCLUDE_IN_FRAMEWORK_HEADER = YES;
				CLANG_WARN_RANGE_LOOP_ANALYSIS = YES;
				CLANG_WARN_STRICT_PROTOTYPES = YES;
				CLANG_WARN_SUSPICIOUS_MOVE = YES;
				CLANG_WARN_UNGUARDED_AVAILABILITY = YES_AGGRESSIVE;
				CLANG_WARN_UNREACHABLE_CODE = YES;
				CLANG_WARN__DUPLICATE_METHOD_MATCH = YES;
				COPY_PHASE_STRIP = NO;
				DEBUG_INFORMATION_FORMAT = dwarf;
				ENABLE_STRICT_OBJC_MSGSEND = YES;
				ENABLE_TESTABILITY = YES;
				ENABLE_USER_SCRIPT_SANDBOXING = YES;
				GCC_C_LANGUAGE_STANDARD = gnu17;
				GCC_DYNAMIC_NO_PIC = NO;
				GCC_NO_COMMON_BLOCKS = YES;
				GCC_OPTIMIZATION_LEVEL = 0;
				GCC_PREPROCESSOR_DEFINITIONS = (
					"DEBUG=1",
					"$(inherited)",
				);
				GCC_WARN_64_TO_32_BIT_CONVERSION = YES;
				GCC_WARN_ABOUT_RETURN_TYPE = YES_ERROR;
				GCC_WARN_UNDECLARED_SELECTOR = YES;
				GCC_WARN_UNINITIALIZED_AUTOS = YES_AGGRESSIVE;
				GCC_WARN_UNUSED_FUNCTION = YES;
				GCC_WARN_UNUSED_VARIABLE = YES;
				IPHONEOS_DEPLOYMENT_TARGET = 18.5;
				LOCALIZATION_PREFERS_STRING_CATALOGS = YES;
				MTL_ENABLE_DEBUG_INFO = INCLUDE_SOURCE;
				MTL_FAST_MATH = YES;
				ONLY_ACTIVE_ARCH = YES;
				SDKROOT = iphoneos;
				SWIFT_ACTIVE_COMPILATION_CONDITIONS = "DEBUG $(inherited)";
				SWIFT_OPTIMIZATION_LEVEL = "-Onone";
			};
			name = Debug;
		};
		2077DFA42EF578A700E79668 /* Release */ = {
			isa = XCBuildConfiguration;
			buildSettings = {
				ALWAYS_SEARCH_USER_PATHS = NO;
				ASSETCATALOG_COMPILER_GENERATE_SWIFT_ASSET_SYMBOL_EXTENSIONS = YES;
				CLANG_ANALYZER_NONNULL = YES;
				CLANG_ANALYZER_NUMBER_OBJECT_CONVERSION = YES_AGGRESSIVE;
				CLANG_CXX_LANGUAGE_STANDARD = "gnu++20";
				CLANG_ENABLE_MODULES = YES;
				CLANG_ENABLE_OBJC_ARC = YES;
				CLANG_ENABLE_OBJC_WEAK = YES;
				CLANG_WARN_BLOCK_CAPTURE_AUTORELEASING = YES;
				CLANG_WARN_BOOL_CONVERSION = YES;
				CLANG_WARN_COMMA = YES;
				CLANG_WARN_CONSTANT_CONVERSION = YES;
				CLANG_WARN_DEPRECATED_OBJC_IMPLEMENTATIONS = YES;
				CLANG_WARN_DIRECT_OBJC_ISA_USAGE = YES_ERROR;
				CLANG_WARN_DOCUMENTATION_COMMENTS = YES;
				CLANG_WARN_EMPTY_BODY = YES;
				CLANG_WARN_ENUM_CONVERSION = YES;
				CLANG_WARN_INFINITE_RECURSION = YES;
				CLANG_WARN_INT_CONVERSION = YES;
				CLANG_WARN_NON_LITERAL_NULL_CONVERSION = YES;
				CLANG_WARN_OBJC_IMPLICIT_RETAIN_SELF = YES;
				CLANG_WARN_OBJC_LITERAL_CONVERSION = YES;
				CLANG_WARN_OBJC_ROOT_CLASS = YES_ERROR;
				CLANG_WARN_QUOTED_INCLUDE_IN_FRAMEWORK_HEADER = YES;
				CLANG_WARN_RANGE_LOOP_ANALYSIS = YES;
				CLANG_WARN_STRICT_PROTOTYPES = YES;
				CLANG_WARN_SUSPICIOUS_MOVE = YES;
				CLANG_WARN_UNGUARDED_AVAILABILITY = YES_AGGRESSIVE;
				CLANG_WARN_UNREACHABLE_CODE = YES;
				CLANG_WARN__DUPLICATE_METHOD_MATCH = YES;
				COPY_PHASE_STRIP = NO;
				DEBUG_INFORMATION_FORMAT = "dwarf-with-dsym";
				ENABLE_NS_ASSERTIONS = NO;
				ENABLE_STRICT_OBJC_MSGSEND = YES;
				ENABLE_USER_SCRIPT_SANDBOXING = YES;
				GCC_C_LANGUAGE_STANDARD = gnu17;
				GCC_NO_COMMON_BLOCKS = YES;
				GCC_WARN_64_TO_32_BIT_CONVERSION = YES;
				GCC_WARN_ABOUT_RETURN_TYPE = YES_ERROR;
				GCC_WARN_UNDECLARED_SELECTOR = YES;
				GCC_WARN_UNINITIALIZED_AUTOS = YES_AGGRESSIVE;
				GCC_WARN_UNUSED_FUNCTION = YES;
				GCC_WARN_UNUSED_VARIABLE = YES;
				IPHONEOS_DEPLOYMENT_TARGET = 18.5;
				LOCALIZATION_PREFERS_STRING_CATALOGS = YES;
				MTL_ENABLE_DEBUG_INFO = NO;
				MTL_FAST_MATH = YES;
				SDKROOT = iphoneos;
				SWIFT_COMPILATION_MODE = wholemodule;
				VALIDATE_PRODUCT = YES;
			};
			name = Release;
		};
		2077DFA62EF578A700E79668 /* Debug */ = {
			isa = XCBuildConfiguration;
			buildSettings = {
				ASSETCATALOG_COMPILER_APPICON_NAME = AppIcon;
				ASSETCATALOG_COMPILER_GLOBAL_ACCENT_COLOR_NAME = AccentColor;
				CODE_SIGN_STYLE = Automatic;
				CURRENT_PROJECT_VERSION = 1;
				ENABLE_PREVIEWS = YES;
				GENERATE_INFOPLIST_FILE = YES;
				INFOPLIST_KEY_UIApplicationSceneManifest_Generation = YES;
				INFOPLIST_KEY_UIApplicationSupportsIndirectInputEvents = YES;
				INFOPLIST_KEY_UILaunchScreen_Generation = YES;
				INFOPLIST_KEY_UISupportedInterfaceOrientations_iPad = "UIInterfaceOrientationPortrait UIInterfaceOrientationPortraitUpsideDown UIInterfaceOrientationLandscapeLeft UIInterfaceOrientationLandscapeRight";
				INFOPLIST_KEY_UISupportedInterfaceOrientations_iPhone = "UIInterfaceOrientationPortrait UIInterfaceOrientationLandscapeLeft UIInterfaceOrientationLandscapeRight";
				IPHONEOS_DEPLOYMENT_TARGET = 16.6;
				LD_RUNPATH_SEARCH_PATHS = (
					"$(inherited)",
					"@executable_path/Frameworks",
				);
				MARKETING_VERSION = 1.0;
				PRODUCT_BUNDLE_IDENTIFIER = com.myfood.myfoodcafe.MyFoodCafe;
				PRODUCT_NAME = "$(TARGET_NAME)";
				SWIFT_EMIT_LOC_STRINGS = YES;
				SWIFT_VERSION = 5.0;
				TARGETED_DEVICE_FAMILY = "1,2";
			};
			name = Debug;
		};
		2077DFA72EF578A700E79668 /* Release */ = {
			isa = XCBuildConfiguration;
			buildSettings = {
				ASSETCATALOG_COMPILER_APPICON_NAME = AppIcon;
				ASSETCATALOG_COMPILER_GLOBAL_ACCENT_COLOR_NAME = AccentColor;
				CODE_SIGN_STYLE = Automatic;
				CURRENT_PROJECT_VERSION = 1;
				ENABLE_PREVIEWS = YES;
				GENERATE_INFOPLIST_FILE = YES;
				INFOPLIST_KEY_UIApplicationSceneManifest_Generation = YES;
				INFOPLIST_KEY_UIApplicationSupportsIndirectInputEvents = YES;
				INFOPLIST_KEY_UILaunchScreen_Generation = YES;
				INFOPLIST_KEY_UISupportedInterfaceOrientations_iPad = "UIInterfaceOrientationPortrait UIInterfaceOrientationPortraitUpsideDown UIInterfaceOrientationLandscapeLeft UIInterfaceOrientationLandscapeRight";
				INFOPLIST_KEY_UISupportedInterfaceOrientations_iPhone = "UIInterfaceOrientationPortrait UIInterfaceOrientationLandscapeLeft UIInterfaceOrientationLandscapeRight";
				IPHONEOS_DEPLOYMENT_TARGET = 16.6;
				LD_RUNPATH_SEARCH_PATHS = (
					"$(inherited)",
					"@executable_path/Frameworks",
				);
				MARKETING_VERSION = 1.0;
				PRODUCT_BUNDLE_IDENTIFIER = com.myfood.myfoodcafe.MyFoodCafe;
				PRODUCT_NAME = "$(TARGET_NAME)";
				SWIFT_EMIT_LOC_STRINGS = YES;
				SWIFT_VERSION = 5.0;
				TARGETED_DEVICE_FAMILY = "1,2";
			};
			name = Release;
		};
		2077DFA92EF578A700E79668 /* Debug */ = {
			isa = XCBuildConfiguration;
			buildSettings = {
				BUNDLE_LOADER = "$(TEST_HOST)";
				CODE_SIGN_STYLE = Automatic;
				CURRENT_PROJECT_VERSION = 1;
				GENERATE_INFOPLIST_FILE = YES;
				IPHONEOS_DEPLOYMENT_TARGET = 18.5;
				MARKETING_VERSION = 1.0;
				PRODUCT_BUNDLE_IDENTIFIER = com.myfood.myfoodcafe.MyFoodCafeTests;
				PRODUCT_NAME = "$(TARGET_NAME)";
				SWIFT_EMIT_LOC_STRINGS = NO;
				SWIFT_VERSION = 5.0;
				TARGETED_DEVICE_FAMILY = "1,2";
				TEST_HOST = "$(BUILT_PRODUCTS_DIR)/MyFoodCafe.app/$(BUNDLE_EXECUTABLE_FOLDER_PATH)/MyFoodCafe";
			};
			name = Debug;
		};
		2077DFAA2EF578A700E79668 /* Release */ = {
			isa = XCBuildConfiguration;
			buildSettings = {
				BUNDLE_LOADER = "$(TEST_HOST)";
				CODE_SIGN_STYLE = Automatic;
				CURRENT_PROJECT_VERSION = 1;
				GENERATE_INFOPLIST_FILE = YES;
				IPHONEOS_DEPLOYMENT_TARGET = 18.5;
				MARKETING_VERSION = 1.0;
				PRODUCT_BUNDLE_IDENTIFIER = com.myfood.myfoodcafe.MyFoodCafeTests;
				PRODUCT_NAME = "$(TARGET_NAME)";
				SWIFT_EMIT_LOC_STRINGS = NO;
				SWIFT_VERSION = 5.0;
				TARGETED_DEVICE_FAMILY = "1,2";
				TEST_HOST = "$(BUILT_PRODUCTS_DIR)/MyFoodCafe.app/$(BUNDLE_EXECUTABLE_FOLDER_PATH)/MyFoodCafe";
			};
			name = Release;
		};
		2077DFAC2EF578A700E79668 /* Debug */ = {
			isa = XCBuildConfiguration;
			buildSettings = {
				CODE_SIGN_STYLE = Automatic;
				CURRENT_PROJECT_VERSION = 1;
				GENERATE_INFOPLIST_FILE = YES;
				MARKETING_VERSION = 1.0;
				PRODUCT_BUNDLE_IDENTIFIER = com.myfood.myfoodcafe.MyFoodCafeUITests;
				PRODUCT_NAME = "$(TARGET_NAME)";
				SWIFT_EMIT_LOC_STRINGS = NO;
				SWIFT_VERSION = 5.0;
				TARGETED_DEVICE_FAMILY = "1,2";
				TEST_TARGET_NAME = MyFoodCafe;
			};
			name = Debug;
		};
		2077DFAD2EF578A700E79668 /* Release */ = {
			isa = XCBuildConfiguration;
			buildSettings = {
				CODE_SIGN_STYLE = Automatic;
				CURRENT_PROJECT_VERSION = 1;
				GENERATE_INFOPLIST_FILE = YES;
				MARKETING_VERSION = 1.0;
				PRODUCT_BUNDLE_IDENTIFIER = com.myfood.myfoodcafe.MyFoodCafeUITests;
				PRODUCT_NAME = "$(TARGET_NAME)";
				SWIFT_EMIT_LOC_STRINGS = NO;
				SWIFT_VERSION = 5.0;
				TARGETED_DEVICE_FAMILY = "1,2";
				TEST_TARGET_NAME = MyFoodCafe;
			};
			name = Release;
		};
/* End XCBuildConfiguration section */

/* Begin XCConfigurationList section */
		2077DF7F2EF578A500E79668 /* Build configuration list for PBXProject "MyFoodCafe" */ = {
			isa = XCConfigurationList;
			buildConfigurations = (
				2077DFA32EF578A700E79668 /* Debug */,
				2077DFA42EF578A700E79668 /* Release */,
			);
			defaultConfigurationIsVisible = 0;
			defaultConfigurationName = Release;
		};
		2077DFA52EF578A700E79668 /* Build configuration list for PBXNativeTarget "MyFoodCafe" */ = {
			isa = XCConfigurationList;
			buildConfigurations = (
				2077DFA62EF578A700E79668 /* Debug */,
				2077DFA72EF578A700E79668 /* Release */,
			);
			defaultConfigurationIsVisible = 0;
			defaultConfigurationName = Release;
		};
		2077DFA82EF578A700E79668 /* Build configuration list for PBXNativeTarget "MyFoodCafeTests" */ = {
			isa = XCConfigurationList;
			buildConfigurations = (
				2077DFA92EF578A700E79668 /* Debug */,
				2077DFAA2EF578A700E79668 /* Release */,
			);
			defaultConfigurationIsVisible = 0;
			defaultConfigurationName = Release;
		};
		2077DFAB2EF578A700E79668 /* Build configuration list for PBXNativeTarget "MyFoodCafeUITests" */ = {
			isa = XCConfigurationList;
			buildConfigurations = (
				2077DFAC2EF578A700E79668 /* Debug */,
				2077DFAD2EF578A700E79668 /* Release */,
			);
			defaultConfigurationIsVisible = 0;
			defaultConfigurationName = Release;
		};
/* End XCConfigurationList section */

/* Begin XCRemoteSwiftPackageReference section */
		2077DFE82EF5810500E79668 /* XCRemoteSwiftPackageReference "Kingfisher" */ = {
			isa = XCRemoteSwiftPackageReference;
			repositoryURL = "https://github.com/onevcat/Kingfisher.git";
			requirement = {
				kind = upToNextMajorVersion;
				minimumVersion = 7.0.0;
			};
		};
		2077DFE92EF5819800E79668 /* XCRemoteSwiftPackageReference "Alamofire" */ = {
			isa = XCRemoteSwiftPackageReference;
			repositoryURL = "https://github.com/Alamofire/Alamofire.git";
			requirement = {
				kind = upToNextMajorVersion;
				minimumVersion = 5.0.0;
			};
		};
/* End XCRemoteSwiftPackageReference section */

/* Begin XCSwiftPackageProductDependency section */
		20CD537F2EF666550081F6A7 /* Kingfisher */ = {
			isa = XCSwiftPackageProductDependency;
			package = 2077DFE82EF5810500E79668 /* XCRemoteSwiftPackageReference "Kingfisher" */;
			productName = Kingfisher;
		};
		20CD53812EF666600081F6A7 /* Alamofire */ = {
			isa = XCSwiftPackageProductDependency;
			package = 2077DFE92EF5819800E79668 /* XCRemoteSwiftPackageReference "Alamofire" */;
			productName = Alamofire;
		};
/* End XCSwiftPackageProductDependency section */
	};
	rootObject = 2077DF7C2EF578A500E79668 /* Project object */;
}
